{
  "name": "saving-data-to-file",
  "version": "1.0.0",
  "lockfileVersion": 3,
  "requires": true,
  "packages": {
    "": {
      "name": "saving-data-to-file",
      "version": "1.0.0",
      "license": "ISC",
      "dependencies": {
        "chalk": "^5.2.0",
        "moment": "^2.29.4",
        "sane-email-validation": "^3.0.1"
      },
      "devDependencies": {
        "@faker-js/faker": "^7.6.0"
      }
    },
    "node_modules/@faker-js/faker": {
      "version": "7.6.0",
      "resolved": "https://registry.npmjs.org/@faker-js/faker/-/faker-7.6.0.tgz",
      "integrity": "sha512-XK6BTq1NDMo9Xqw/YkYyGjSsg44fbNwYRx7QK2CuoQgyy+f1rrTDHoExVM5PsyXCtfl2vs2vVJ0MN0yN6LppRw==",
      "dev": true,
      "engines": {
        "node": ">=14.0.0",
        "npm": ">=6.0.0"
      }
    },
    "node_modules/chalk": {
      "version": "5.2.0",
      "resolved": "https://registry.npmjs.org/chalk/-/chalk-5.2.0.tgz",
      "integrity": "sha512-ree3Gqw/nazQAPuJJEy+avdl7QfZMcUvmHIKgEZkGL+xOBzRvup5Hxo6LHuMceSxOabuJLJm5Yp/92R9eMmMvA==",
      "engines": {
        "node": "^12.17.0 || ^14.13 || >=16.0.0"
      },
      "funding": {
        "url": "https://github.com/chalk/chalk?sponsor=1"
      }
    },
    "node_modules/moment": {
      "version": "2.29.4",
      "resolved": "https://registry.npmjs.org/moment/-/moment-2.29.4.tgz",
      "integrity": "sha512-5LC9SOxjSc2HF6vO2CyuTDNivEdoz2IvyJJGj6X8DJ0eFyfszE0QiEd+iXmBvUP3WHxSjFH/vIsA0EN00cgr8w==",
      "engines": {
        "node": "*"
      }
    },
    "node_modules/sane-email-validation": {
      "version": "3.0.1",
      "resolved": "https://registry.npmjs.org/sane-email-validation/-/sane-email-validation-3.0.1.tgz",
      "integrity": "sha512-OZK+w1DnoPoifMlwL1Ipu0RohLsCQE8QfHuKFdfdgzTKKp0zrVvQzaDYCh6zuceXyv3pmIkR6hhsnafIGeaSvg=="
    }
  }
}
